
Microsoft Visual Studio Solution File, Format Version 12.00
# Visual Studio 15
VisualStudioVersion = 15.0.28010.2046
MinimumVisualStudioVersion = 10.0.40219.1
Project("{FAE04EC0-301F-11D3-BF4B-00C04F79EFBC}") = "WindowsFormsApp6", "WindowsFormsApp6\WindowsFormsApp6.csproj", "{2740F809-7F77-40E0-ADFE-1FC2683E04DA}"
EndProject
Project("{FAE04EC0-301F-11D3-BF4B-00C04F79EFBC}") = "Tests", "Tests\Tests.csproj", "{7784514F-B571-4D0F-8F8A-DB6C2B534C92}"
EndProject
Global
	GlobalSection(SolutionConfigurationPlatforms) = preSolution
		Debug|Any CPU = Debug|Any CPU
		Release|Any CPU = Release|Any CPU
	EndGlobalSection
	GlobalSection(ProjectConfigurationPlatforms) = postSolution
		{2740F809-7F77-40E0-ADFE-1FC2683E04DA}.Debug|Any CPU.ActiveCfg = Debug|Any CPU
		{2740F809-7F77-40E0-ADFE-1FC2683E04DA}.Debug|Any CPU.Build.0 = Debug|Any CPU
		{2740F809-7F77-40E0-ADFE-1FC2683E04DA}.Release|Any CPU.ActiveCfg = Release|Any CPU
		{2740F809-7F77-40E0-ADFE-1FC2683E04DA}.Release|Any CPU.Build.0 = Release|Any CPU
		{7784514F-B571-4D0F-8F8A-DB6C2B534C92}.Debug|Any CPU.ActiveCfg = Debug|Any CPU
		{7784514F-B571-4D0F-8F8A-DB6C2B534C92}.Debug|Any CPU.Build.0 = Debug|Any CPU
		{7784514F-B571-4D0F-8F8A-DB6C2B534C92}.Release|Any CPU.ActiveCfg = Release|Any CPU
		{7784514F-B571-4D0F-8F8A-DB6C2B534C92}.Release|Any CPU.Build.0 = Release|Any CPU
	EndGlobalSection
	GlobalSection(SolutionProperties) = preSolution
		HideSolutionNode = FALSE
	EndGlobalSection
	GlobalSection(ExtensibilityGlobals) = postSolution
		SolutionGuid = {86FDD867-7752-48AB-BFEF-BEE9FFD9708F}
	EndGlobalSection
EndGlobal
